// !$*UTF8*$!
{
	archiveVersion = 1;
	classes = {
	};
	objectVersion = 55;
	objects = {

/* Begin PBXBuildFile section */
		B69D7C460FC473FE9BBCD2A5 /* Pods_TestConturAlamofire.framework in Frameworks */ = {isa = PBXBuildFile; fileRef = 13D4ECDE838A20E90000B35A /* Pods_TestConturAlamofire.framework */; };
		EB3752E9290AA0F60053541C /* Model.swift in Sources */ = {isa = PBXBuildFile; fileRef = EB3752E8290AA0F60053541C /* Model.swift */; };
		EB43A79629150EB000A8E53F /* MainViewController.swift in Sources */ = {isa = PBXBuildFile; fileRef = EB43A79529150EB000A8E53F /* MainViewController.swift */; };
		EB43A7982917E86800A8E53F /* HorizontalCell.swift in Sources */ = {isa = PBXBuildFile; fileRef = EB43A7972917E86800A8E53F /* HorizontalCell.swift */; };
		EB43A79B2917E89800A8E53F /* HorizintalViewCell.swift in Sources */ = {isa = PBXBuildFile; fileRef = EB43A79A2917E89800A8E53F /* HorizintalViewCell.swift */; };
		EB86B416296C5C8C00F23D5F /* MyPageViewController.swift in Sources */ = {isa = PBXBuildFile; fileRef = EB86B415296C5C8C00F23D5F /* MyPageViewController.swift */; };
		EB86B418296C5D3B00F23D5F /* MyViewController.swift in Sources */ = {isa = PBXBuildFile; fileRef = EB86B417296C5D3A00F23D5F /* MyViewController.swift */; };
		EBC73F7C28B4DB88003C7CE3 /* AppDelegate.swift in Sources */ = {isa = PBXBuildFile; fileRef = EBC73F7B28B4DB88003C7CE3 /* AppDelegate.swift */; };
		EBC73F7E28B4DB88003C7CE3 /* SceneDelegate.swift in Sources */ = {isa = PBXBuildFile; fileRef = EBC73F7D28B4DB88003C7CE3 /* SceneDelegate.swift */; };
		EBC73F8528B4DB88003C7CE3 /* Assets.xcassets in Resources */ = {isa = PBXBuildFile; fileRef = EBC73F8428B4DB88003C7CE3 /* Assets.xcassets */; };
		EBC73F8828B4DB88003C7CE3 /* LaunchScreen.storyboard in Resources */ = {isa = PBXBuildFile; fileRef = EBC73F8628B4DB88003C7CE3 /* LaunchScreen.storyboard */; };
/* End PBXBuildFile section */

/* Begin PBXFileReference section */
		13D4ECDE838A20E90000B35A /* Pods_TestConturAlamofire.framework */ = {isa = PBXFileReference; explicitFileType = wrapper.framework; includeInIndex = 0; path = Pods_TestConturAlamofire.framework; sourceTree = BUILT_PRODUCTS_DIR; };
		4223310D7EEB386263C2EED0 /* Pods-TestConturAlamofire.release.xcconfig */ = {isa = PBXFileReference; includeInIndex = 1; lastKnownFileType = text.xcconfig; name = "Pods-TestConturAlamofire.release.xcconfig"; path = "Target Support Files/Pods-TestConturAlamofire/Pods-TestConturAlamofire.release.xcconfig"; sourceTree = "<group>"; };
		EA3E5AAD0551DB254202B355 /* Pods-TestConturAlamofire.debug.xcconfig */ = {isa = PBXFileReference; includeInIndex = 1; lastKnownFileType = text.xcconfig; name = "Pods-TestConturAlamofire.debug.xcconfig"; path = "Target Support Files/Pods-TestConturAlamofire/Pods-TestConturAlamofire.debug.xcconfig"; sourceTree = "<group>"; };
		EB3752E8290AA0F60053541C /* Model.swift */ = {isa = PBXFileReference; lastKnownFileType = sourcecode.swift; path = Model.swift; sourceTree = "<group>"; };
		EB43A79529150EB000A8E53F /* MainViewController.swift */ = {isa = PBXFileReference; lastKnownFileType = sourcecode.swift; path = MainViewController.swift; sourceTree = "<group>"; };
		EB43A7972917E86800A8E53F /* HorizontalCell.swift */ = {isa = PBXFileReference; lastKnownFileType = sourcecode.swift; path = HorizontalCell.swift; sourceTree = "<group>"; };
		EB43A79A2917E89800A8E53F /* HorizintalViewCell.swift */ = {isa = PBXFileReference; lastKnownFileType = sourcecode.swift; path = HorizintalViewCell.swift; sourceTree = "<group>"; };
		EB86B415296C5C8C00F23D5F /* MyPageViewController.swift */ = {isa = PBXFileReference; lastKnownFileType = sourcecode.swift; path = MyPageViewController.swift; sourceTree = "<group>"; };
		EB86B417296C5D3A00F23D5F /* MyViewController.swift */ = {isa = PBXFileReference; lastKnownFileType = sourcecode.swift; path = MyViewController.swift; sourceTree = "<group>"; };
		EBC73F7828B4DB88003C7CE3 /* TestConturAlamofire.app */ = {isa = PBXFileReference; explicitFileType = wrapper.application; includeInIndex = 0; path = TestConturAlamofire.app; sourceTree = BUILT_PRODUCTS_DIR; };
		EBC73F7B28B4DB88003C7CE3 /* AppDelegate.swift */ = {isa = PBXFileReference; lastKnownFileType = sourcecode.swift; path = AppDelegate.swift; sourceTree = "<group>"; };
		EBC73F7D28B4DB88003C7CE3 /* SceneDelegate.swift */ = {isa = PBXFileReference; lastKnownFileType = sourcecode.swift; path = SceneDelegate.swift; sourceTree = "<group>"; };
		EBC73F8428B4DB88003C7CE3 /* Assets.xcassets */ = {isa = PBXFileReference; lastKnownFileType = folder.assetcatalog; path = Assets.xcassets; sourceTree = "<group>"; };
		EBC73F8728B4DB88003C7CE3 /* Base */ = {isa = PBXFileReference; lastKnownFileType = file.storyboard; name = Base; path = Base.lproj/LaunchScreen.storyboard; sourceTree = "<group>"; };
		EBC73F8928B4DB88003C7CE3 /* Info.plist */ = {isa = PBXFileReference; lastKnownFileType = text.plist.xml; path = Info.plist; sourceTree = "<group>"; };
/* End PBXFileReference section */

/* Begin PBXFrameworksBuildPhase section */
		EBC73F7528B4DB88003C7CE3 /* Frameworks */ = {
			isa = PBXFrameworksBuildPhase;
			buildActionMask = 2147483647;
			files = (
				B69D7C460FC473FE9BBCD2A5 /* Pods_TestConturAlamofire.framework in Frameworks */,
			);
			runOnlyForDeploymentPostprocessing = 0;
		};
/* End PBXFrameworksBuildPhase section */

/* Begin PBXGroup section */
		09D1D819ABBA5D6D833F8743 /* Pods */ = {
			isa = PBXGroup;
			children = (
				EA3E5AAD0551DB254202B355 /* Pods-TestConturAlamofire.debug.xcconfig */,
				4223310D7EEB386263C2EED0 /* Pods-TestConturAlamofire.release.xcconfig */,
			);
			path = Pods;
			sourceTree = "<group>";
		};
		CFE237C49CE08A102B5D259A /* Frameworks */ = {
			isa = PBXGroup;
			children = (
				13D4ECDE838A20E90000B35A /* Pods_TestConturAlamofire.framework */,
			);
			name = Frameworks;
			sourceTree = "<group>";
		};
		EB43A7992917E86F00A8E53F /* HorizontalCell */ = {
			isa = PBXGroup;
			children = (
				EB43A7972917E86800A8E53F /* HorizontalCell.swift */,
				EB43A79A2917E89800A8E53F /* HorizintalViewCell.swift */,
			);
			path = HorizontalCell;
			sourceTree = "<group>";
		};
		EBC73F6F28B4DB88003C7CE3 = {
			isa = PBXGroup;
			children = (
				EBC73F7A28B4DB88003C7CE3 /* TestConturAlamofire */,
				EBC73F7928B4DB88003C7CE3 /* Products */,
				09D1D819ABBA5D6D833F8743 /* Pods */,
				CFE237C49CE08A102B5D259A /* Frameworks */,
			);
			sourceTree = "<group>";
		};
		EBC73F7928B4DB88003C7CE3 /* Products */ = {
			isa = PBXGroup;
			children = (
				EBC73F7828B4DB88003C7CE3 /* TestConturAlamofire.app */,
			);
			name = Products;
			sourceTree = "<group>";
		};
		EBC73F7A28B4DB88003C7CE3 /* TestConturAlamofire */ = {
			isa = PBXGroup;
			children = (
				EBC73F7B28B4DB88003C7CE3 /* AppDelegate.swift */,
				EBC73F7D28B4DB88003C7CE3 /* SceneDelegate.swift */,
				EB3752E8290AA0F60053541C /* Model.swift */,
				EB43A79529150EB000A8E53F /* MainViewController.swift */,
				EB86B415296C5C8C00F23D5F /* MyPageViewController.swift */,
				EB86B417296C5D3A00F23D5F /* MyViewController.swift */,
				EB43A7992917E86F00A8E53F /* HorizontalCell */,
				EBC73F8428B4DB88003C7CE3 /* Assets.xcassets */,
				EBC73F8628B4DB88003C7CE3 /* LaunchScreen.storyboard */,
				EBC73F8928B4DB88003C7CE3 /* Info.plist */,
			);
			path = TestConturAlamofire;
			sourceTree = "<group>";
		};
/* End PBXGroup section */

/* Begin PBXNativeTarget section */
		EBC73F7728B4DB88003C7CE3 /* TestConturAlamofire */ = {
			isa = PBXNativeTarget;
			buildConfigurationList = EBC73F8C28B4DB88003C7CE3 /* Build configuration list for PBXNativeTarget "TestConturAlamofire" */;
			buildPhases = (
				14A091C506948231915D7600 /* [CP] Check Pods Manifest.lock */,
				EBC73F7428B4DB88003C7CE3 /* Sources */,
				EBC73F7528B4DB88003C7CE3 /* Frameworks */,
				EBC73F7628B4DB88003C7CE3 /* Resources */,
				A93938857A26AC46860B6893 /* [CP] Embed Pods Frameworks */,
			);
			buildRules = (
			);
			dependencies = (
			);
			name = TestConturAlamofire;
			productName = TestConturAlamofire;
			productReference = EBC73F7828B4DB88003C7CE3 /* TestConturAlamofire.app */;
			productType = "com.apple.product-type.application";
		};
/* End PBXNativeTarget section */

/* Begin PBXProject section */
		EBC73F7028B4DB88003C7CE3 /* Project object */ = {
			isa = PBXProject;
			attributes = {
				BuildIndependentTargetsInParallel = 1;
				LastSwiftUpdateCheck = 1340;
				LastUpgradeCheck = 1340;
				TargetAttributes = {
					EBC73F7728B4DB88003C7CE3 = {
						CreatedOnToolsVersion = 13.4.1;
					};
				};
			};
			buildConfigurationList = EBC73F7328B4DB88003C7CE3 /* Build configuration list for PBXProject "TestConturAlamofire" */;
			compatibilityVersion = "Xcode 13.0";
			developmentRegion = en;
			hasScannedForEncodings = 0;
			knownRegions = (
				en,
				Base,
			);
			mainGroup = EBC73F6F28B4DB88003C7CE3;
			productRefGroup = EBC73F7928B4DB88003C7CE3 /* Products */;
			projectDirPath = "";
			projectRoot = "";
			targets = (
				EBC73F7728B4DB88003C7CE3 /* TestConturAlamofire */,
			);
		};
/* End PBXProject section */

/* Begin PBXResourcesBuildPhase section */
		EBC73F7628B4DB88003C7CE3 /* Resources */ = {
			isa = PBXResourcesBuildPhase;
			buildActionMask = 2147483647;
			files = (
				EBC73F8828B4DB88003C7CE3 /* LaunchScreen.storyboard in Resources */,
				EBC73F8528B4DB88003C7CE3 /* Assets.xcassets in Resources */,
			);
			runOnlyForDeploymentPostprocessing = 0;
		};
/* End PBXResourcesBuildPhase section */

/* Begin PBXShellScriptBuildPhase section */
		14A091C506948231915D7600 /* [CP] Check Pods Manifest.lock */ = {
			isa = PBXShellScriptBuildPhase;
			buildActionMask = 2147483647;
			files = (
			);
			inputFileListPaths = (
			);
			inputPaths = (
				"${PODS_PODFILE_DIR_PATH}/Podfile.lock",
				"${PODS_ROOT}/Manifest.lock",
			);
			name = "[CP] Check Pods Manifest.lock";
			outputFileListPaths = (
			);
			outputPaths = (
				"$(DERIVED_FILE_DIR)/Pods-TestConturAlamofire-checkManifestLockResult.txt",
			);
			runOnlyForDeploymentPostprocessing = 0;
			shellPath = /bin/sh;
			shellScript = "diff \"${PODS_PODFILE_DIR_PATH}/Podfile.lock\" \"${PODS_ROOT}/Manifest.lock\" > /dev/null\nif [ $? != 0 ] ; then\n    # print error to STDERR\n    echo \"error: The sandbox is not in sync with the Podfile.lock. Run 'pod install' or update your CocoaPods installation.\" >&2\n    exit 1\nfi\n# This output is used by Xcode 'outputs' to avoid re-running this script phase.\necho \"SUCCESS\" > \"${SCRIPT_OUTPUT_FILE_0}\"\n";
			showEnvVarsInLog = 0;
		};
		A93938857A26AC46860B6893 /* [CP] Embed Pods Frameworks */ = {
			isa = PBXShellScriptBuildPhase;
			buildActionMask = 2147483647;
			files = (
			);
			inputFileListPaths = (
				"${PODS_ROOT}/Target Support Files/Pods-TestConturAlamofire/Pods-TestConturAlamofire-frameworks-${CONFIGURATION}-input-files.xcfilelist",
			);
			name = "[CP] Embed Pods Frameworks";
			outputFileListPaths = (
				"${PODS_ROOT}/Target Support Files/Pods-TestConturAlamofire/Pods-TestConturAlamofire-frameworks-${CONFIGURATION}-output-files.xcfilelist",
			);
			runOnlyForDeploymentPostprocessing = 0;
			shellPath = /bin/sh;
			shellScript = "\"${PODS_ROOT}/Target Support Files/Pods-TestConturAlamofire/Pods-TestConturAlamofire-frameworks.sh\"\n";
			showEnvVarsInLog = 0;
		};
/* End PBXShellScriptBuildPhase section */

/* Begin PBXSourcesBuildPhase section */
		EBC73F7428B4DB88003C7CE3 /* Sources */ = {
			isa = PBXSourcesBuildPhase;
			buildActionMask = 2147483647;
			files = (
				EB43A7982917E86800A8E53F /* HorizontalCell.swift in Sources */,
				EB43A79B2917E89800A8E53F /* HorizintalViewCell.swift in Sources */,
				EBC73F7C28B4DB88003C7CE3 /* AppDelegate.swift in Sources */,
				EB86B418296C5D3B00F23D5F /* MyViewController.swift in Sources */,
				EB43A79629150EB000A8E53F /* MainViewController.swift in Sources */,
				EBC73F7E28B4DB88003C7CE3 /* SceneDelegate.swift in Sources */,
				EB3752E9290AA0F60053541C /* Model.swift in Sources */,
				EB86B416296C5C8C00F23D5F /* MyPageViewController.swift in Sources */,
			);
			runOnlyForDeploymentPostprocessing = 0;
		};
/* End PBXSourcesBuildPhase section */

/* Begin PBXVariantGroup section */
		EBC73F8628B4DB88003C7CE3 /* LaunchScreen.storyboard */ = {
			isa = PBXVariantGroup;
			children = (
				EBC73F8728B4DB88003C7CE3 /* Base */,
			);
			name = LaunchScreen.storyboard;
			sourceTree = "<group>";
		};
/* End PBXVariantGroup section */

/* Begin XCBuildConfiguration section */
		EBC73F8A28B4DB88003C7CE3 /* Debug */ = {
			isa = XCBuildConfiguration;
			buildSettings = {
				ALWAYS_SEARCH_USER_PATHS = NO;
				CLANG_ANALYZER_NONNULL = YES;
				CLANG_ANALYZER_NUMBER_OBJECT_CONVERSION = YES_AGGRESSIVE;
				CLANG_CXX_LANGUAGE_STANDARD = "gnu++17";
				CLANG_ENABLE_MODULES = YES;
				CLANG_ENABLE_OBJC_ARC = YES;
				CLANG_ENABLE_OBJC_WEAK = YES;
				CLANG_WARN_BLOCK_CAPTURE_AUTORELEASING = YES;
				CLANG_WARN_BOOL_CONVERSION = YES;
				CLANG_WARN_COMMA = YES;
				CLANG_WARN_CONSTANT_CONVERSION = YES;
				CLANG_WARN_DEPRECATED_OBJC_IMPLEMENTATIONS = YES;
				CLANG_WARN_DIRECT_OBJC_ISA_USAGE = YES_ERROR;
				CLANG_WARN_DOCUMENTATION_COMMENTS = YES;
				CLANG_WARN_EMPTY_BODY = YES;
				CLANG_WARN_ENUM_CONVERSION = YES;
				CLANG_WARN_INFINITE_RECURSION = YES;
				CLANG_WARN_INT_CONVERSION = YES;
				CLANG_WARN_NON_LITERAL_NULL_CONVERSION = YES;
				CLANG_WARN_OBJC_IMPLICIT_RETAIN_SELF = YES;
				CLANG_WARN_OBJC_LITERAL_CONVERSION = YES;
				CLANG_WARN_OBJC_ROOT_CLASS = YES_ERROR;
				CLANG_WARN_QUOTED_INCLUDE_IN_FRAMEWORK_HEADER = YES;
				CLANG_WARN_RANGE_LOOP_ANALYSIS = YES;
				CLANG_WARN_STRICT_PROTOTYPES = YES;
				CLANG_WARN_SUSPICIOUS_MOVE = YES;
				CLANG_WARN_UNGUARDED_AVAILABILITY = YES_AGGRESSIVE;
				CLANG_WARN_UNREACHABLE_CODE = YES;
				CLANG_WARN__DUPLICATE_METHOD_MATCH = YES;
				COPY_PHASE_STRIP = NO;
				DEBUG_INFORMATION_FORMAT = dwarf;
				ENABLE_STRICT_OBJC_MSGSEND = YES;
				ENABLE_TESTABILITY = YES;
				GCC_C_LANGUAGE_STANDARD = gnu11;
				GCC_DYNAMIC_NO_PIC = NO;
				GCC_NO_COMMON_BLOCKS = YES;
				GCC_OPTIMIZATION_LEVEL = 0;
				GCC_PREPROCESSOR_DEFINITIONS = (
					"DEBUG=1",
					"$(inherited)",
				);
				GCC_WARN_64_TO_32_BIT_CONVERSION = YES;
				GCC_WARN_ABOUT_RETURN_TYPE = YES_ERROR;
				GCC_WARN_UNDECLARED_SELECTOR = YES;
				GCC_WARN_UNINITIALIZED_AUTOS = YES_AGGRESSIVE;
				GCC_WARN_UNUSED_FUNCTION = YES;
				GCC_WARN_UNUSED_VARIABLE = YES;
				IPHONEOS_DEPLOYMENT_TARGET = 15.5;
				MTL_ENABLE_DEBUG_INFO = INCLUDE_SOURCE;
				MTL_FAST_MATH = YES;
				ONLY_ACTIVE_ARCH = YES;
				SDKROOT = iphoneos;
				SWIFT_ACTIVE_COMPILATION_CONDITIONS = DEBUG;
				SWIFT_OPTIMIZATION_LEVEL = "-Onone";
			};
			name = Debug;
		};
		EBC73F8B28B4DB88003C7CE3 /* Release */ = {
			isa = XCBuildConfiguration;
			buildSettings = {
				ALWAYS_SEARCH_USER_PATHS = NO;
				CLANG_ANALYZER_NONNULL = YES;
				CLANG_ANALYZER_NUMBER_OBJECT_CONVERSION = YES_AGGRESSIVE;
				CLANG_CXX_LANGUAGE_STANDARD = "gnu++17";
				CLANG_ENABLE_MODULES = YES;
				CLANG_ENABLE_OBJC_ARC = YES;
				CLANG_ENABLE_OBJC_WEAK = YES;
				CLANG_WARN_BLOCK_CAPTURE_AUTORELEASING = YES;
				CLANG_WARN_BOOL_CONVERSION = YES;
				CLANG_WARN_COMMA = YES;
				CLANG_WARN_CONSTANT_CONVERSION = YES;
				CLANG_WARN_DEPRECATED_OBJC_IMPLEMENTATIONS = YES;
				CLANG_WARN_DIRECT_OBJC_ISA_USAGE = YES_ERROR;
				CLANG_WARN_DOCUMENTATION_COMMENTS = YES;
				CLANG_WARN_EMPTY_BODY = YES;
				CLANG_WARN_ENUM_CONVERSION = YES;
				CLANG_WARN_INFINITE_RECURSION = YES;
				CLANG_WARN_INT_CONVERSION = YES;
				CLANG_WARN_NON_LITERAL_NULL_CONVERSION = YES;
				CLANG_WARN_OBJC_IMPLICIT_RETAIN_SELF = YES;
				CLANG_WARN_OBJC_LITERAL_CONVERSION = YES;
				CLANG_WARN_OBJC_ROOT_CLASS = YES_ERROR;
				CLANG_WARN_QUOTED_INCLUDE_IN_FRAMEWORK_HEADER = YES;
				CLANG_WARN_RANGE_LOOP_ANALYSIS = YES;
				CLANG_WARN_STRICT_PROTOTYPES = YES;
				CLANG_WARN_SUSPICIOUS_MOVE = YES;
				CLANG_WARN_UNGUARDED_AVAILABILITY = YES_AGGRESSIVE;
				CLANG_WARN_UNREACHABLE_CODE = YES;
				CLANG_WARN__DUPLICATE_METHOD_MATCH = YES;
				COPY_PHASE_STRIP = NO;
				DEBUG_INFORMATION_FORMAT = "dwarf-with-dsym";
				ENABLE_NS_ASSERTIONS = NO;
				ENABLE_STRICT_OBJC_MSGSEND = YES;
				GCC_C_LANGUAGE_STANDARD = gnu11;
				GCC_NO_COMMON_BLOCKS = YES;
				GCC_WARN_64_TO_32_BIT_CONVERSION = YES;
				GCC_WARN_ABOUT_RETURN_TYPE = YES_ERROR;
				GCC_WARN_UNDECLARED_SELECTOR = YES;
				GCC_WARN_UNINITIALIZED_AUTOS = YES_AGGRESSIVE;
				GCC_WARN_UNUSED_FUNCTION = YES;
				GCC_WARN_UNUSED_VARIABLE = YES;
				IPHONEOS_DEPLOYMENT_TARGET = 15.5;
				MTL_ENABLE_DEBUG_INFO = NO;
				MTL_FAST_MATH = YES;
				SDKROOT = iphoneos;
				SWIFT_COMPILATION_MODE = wholemodule;
				SWIFT_OPTIMIZATION_LEVEL = "-O";
				VALIDATE_PRODUCT = YES;
			};
			name = Release;
		};
		EBC73F8D28B4DB88003C7CE3 /* Debug */ = {
			isa = XCBuildConfiguration;
			baseConfigurationReference = EA3E5AAD0551DB254202B355 /* Pods-TestConturAlamofire.debug.xcconfig */;
			buildSettings = {
				ASSETCATALOG_COMPILER_APPICON_NAME = AppIcon;
				ASSETCATALOG_COMPILER_GLOBAL_ACCENT_COLOR_NAME = AccentColor;
				CODE_SIGN_STYLE = Automatic;
				CURRENT_PROJECT_VERSION = 1;
				DEVELOPMENT_TEAM = 8F7XS6K9XY;
				GENERATE_INFOPLIST_FILE = YES;
				INFOPLIST_FILE = TestConturAlamofire/Info.plist;
				INFOPLIST_KEY_UIApplicationSupportsIndirectInputEvents = YES;
				INFOPLIST_KEY_UILaunchStoryboardName = LaunchScreen;
				INFOPLIST_KEY_UISupportedInterfaceOrientations_iPad = "UIInterfaceOrientationPortrait UIInterfaceOrientationPortraitUpsideDown UIInterfaceOrientationLandscapeLeft UIInterfaceOrientationLandscapeRight";
				INFOPLIST_KEY_UISupportedInterfaceOrientations_iPhone = "UIInterfaceOrientationPortrait UIInterfaceOrientationLandscapeLeft UIInterfaceOrientationLandscapeRight";
				LD_RUNPATH_SEARCH_PATHS = (
					"$(inherited)",
					"@executable_path/Frameworks",
				);
				MARKETING_VERSION = 1.0;
				PRODUCT_BUNDLE_IDENTIFIER = "Kirill-Demyantcev.TestConturAlamofire";
				PRODUCT_NAME = "$(TARGET_NAME)";
				SWIFT_EMIT_LOC_STRINGS = YES;
				SWIFT_VERSION = 5.0;
				TARGETED_DEVICE_FAMILY = "1,2";
			};
			name = Debug;
		};
		EBC73F8E28B4DB88003C7CE3 /* Release */ = {
			isa = XCBuildConfiguration;
			baseConfigurationReference = 4223310D7EEB386263C2EED0 /* Pods-TestConturAlamofire.release.xcconfig */;
			buildSettings = {
				ASSETCATALOG_COMPILER_APPICON_NAME = AppIcon;
				ASSETCATALOG_COMPILER_GLOBAL_ACCENT_COLOR_NAME = AccentColor;
				CODE_SIGN_STYLE = Automatic;
				CURRENT_PROJECT_VERSION = 1;
				DEVELOPMENT_TEAM = 8F7XS6K9XY;
				GENERATE_INFOPLIST_FILE = YES;
				INFOPLIST_FILE = TestConturAlamofire/Info.plist;
				INFOPLIST_KEY_UIApplicationSupportsIndirectInputEvents = YES;
				INFOPLIST_KEY_UILaunchStoryboardName = LaunchScreen;
				INFOPLIST_KEY_UISupportedInterfaceOrientations_iPad = "UIInterfaceOrientationPortrait UIInterfaceOrientationPortraitUpsideDown UIInterfaceOrientationLandscapeLeft UIInterfaceOrientationLandscapeRight";
				INFOPLIST_KEY_UISupportedInterfaceOrientations_iPhone = "UIInterfaceOrientationPortrait UIInterfaceOrientationLandscapeLeft UIInterfaceOrientationLandscapeRight";
				LD_RUNPATH_SEARCH_PATHS = (
					"$(inherited)",
					"@executable_path/Frameworks",
				);
				MARKETING_VERSION = 1.0;
				PRODUCT_BUNDLE_IDENTIFIER = "Kirill-Demyantcev.TestConturAlamofire";
				PRODUCT_NAME = "$(TARGET_NAME)";
				SWIFT_EMIT_LOC_STRINGS = YES;
				SWIFT_VERSION = 5.0;
				TARGETED_DEVICE_FAMILY = "1,2";
			};
			name = Release;
		};
/* End XCBuildConfiguration section */

/* Begin XCConfigurationList section */
		EBC73F7328B4DB88003C7CE3 /* Build configuration list for PBXProject "TestConturAlamofire" */ = {
			isa = XCConfigurationList;
			buildConfigurations = (
				EBC73F8A28B4DB88003C7CE3 /* Debug */,
				EBC73F8B28B4DB88003C7CE3 /* Release */,
			);
			defaultConfigurationIsVisible = 0;
			defaultConfigurationName = Release;
		};
		EBC73F8C28B4DB88003C7CE3 /* Build configuration list for PBXNativeTarget "TestConturAlamofire" */ = {
			isa = XCConfigurationList;
			buildConfigurations = (
				EBC73F8D28B4DB88003C7CE3 /* Debug */,
				EBC73F8E28B4DB88003C7CE3 /* Release */,
			);
			defaultConfigurationIsVisible = 0;
			defaultConfigurationName = Release;
		};
/* End XCConfigurationList section */
	};
	rootObject = EBC73F7028B4DB88003C7CE3 /* Project object */;
}
